
Microsoft Visual Studio Solution File, Format Version 12.00
# Visual Studio Version 17
VisualStudioVersion = 17.5.33424.131
MinimumVisualStudioVersion = 10.0.40219.1
Project("{FAE04EC0-301F-11D3-BF4B-00C04F79EFBC}") = "BlazedWebScrapper", "BlazedWebScrapper\BlazedWebScrapper.csproj", "{9402A3A4-B2F4-4B1D-AB8F-D5E66B5C8D4B}"
EndProject
Global
	GlobalSection(SolutionConfigurationPlatforms) = preSolution
		Debug|Any CPU = Debug|Any CPU
		Release|Any CPU = Release|Any CPU
	EndGlobalSection
	GlobalSection(ProjectConfigurationPlatforms) = postSolution
		{9402A3A4-B2F4-4B1D-AB8F-D5E66B5C8D4B}.Debug|Any CPU.ActiveCfg = Debug|Any CPU
		{9402A3A4-B2F4-4B1D-AB8F-D5E66B5C8D4B}.Debug|Any CPU.Build.0 = Debug|Any CPU
		{9402A3A4-B2F4-4B1D-AB8F-D5E66B5C8D4B}.Release|Any CPU.ActiveCfg = Release|Any CPU
		{9402A3A4-B2F4-4B1D-AB8F-D5E66B5C8D4B}.Release|Any CPU.Build.0 = Release|Any CPU
	EndGlobalSection
	GlobalSection(SolutionProperties) = preSolution
		HideSolutionNode = FALSE
	EndGlobalSection
	GlobalSection(ExtensibilityGlobals) = postSolution
		SolutionGuid = {F8E49644-B293-4D29-B2C0-A7D39D2D893F}
	EndGlobalSection
EndGlobal
